// !$*UTF8*$!
{
	archiveVersion = 1;
	classes = {
	};
	objectVersion = 46;
	objects = {

/* Begin PBXBuildFile section */
		7B2DAD2018D90F13005CD6C6 /* ScorecardCellSnapshotTests.m in Sources */ = {isa = PBXBuildFile; fileRef = 7B2DAD1F18D90F13005CD6C6 /* ScorecardCellSnapshotTests.m */; };
		7B2DAD2318D9188C005CD6C6 /* JGSegmentedControl.m in Sources */ = {isa = PBXBuildFile; fileRef = 7B2DAD2218D9188C005CD6C6 /* JGSegmentedControl.m */; };
		7B879B9718D67E9300084251 /* Foundation.framework in Frameworks */ = {isa = PBXBuildFile; fileRef = 7B879B9618D67E9300084251 /* Foundation.framework */; };
		7B879B9918D67E9300084251 /* CoreGraphics.framework in Frameworks */ = {isa = PBXBuildFile; fileRef = 7B879B9818D67E9300084251 /* CoreGraphics.framework */; };
		7B879B9B18D67E9300084251 /* UIKit.framework in Frameworks */ = {isa = PBXBuildFile; fileRef = 7B879B9A18D67E9300084251 /* UIKit.framework */; };
		7B879BA118D67E9300084251 /* InfoPlist.strings in Resources */ = {isa = PBXBuildFile; fileRef = 7B879B9F18D67E9300084251 /* InfoPlist.strings */; };
		7B879BA318D67E9300084251 /* main.m in Sources */ = {isa = PBXBuildFile; fileRef = 7B879BA218D67E9300084251 /* main.m */; };
		7B879BA718D67E9300084251 /* JGAAppDelegate.m in Sources */ = {isa = PBXBuildFile; fileRef = 7B879BA618D67E9300084251 /* JGAAppDelegate.m */; };
		7B879BA918D67E9300084251 /* Images.xcassets in Resources */ = {isa = PBXBuildFile; fileRef = 7B879BA818D67E9300084251 /* Images.xcassets */; };
		7B879BB018D67E9300084251 /* XCTest.framework in Frameworks */ = {isa = PBXBuildFile; fileRef = 7B879BAF18D67E9300084251 /* XCTest.framework */; };
		7B879BB118D67E9300084251 /* Foundation.framework in Frameworks */ = {isa = PBXBuildFile; fileRef = 7B879B9618D67E9300084251 /* Foundation.framework */; };
		7B879BB218D67E9300084251 /* UIKit.framework in Frameworks */ = {isa = PBXBuildFile; fileRef = 7B879B9A18D67E9300084251 /* UIKit.framework */; };
		7B879BBA18D67E9300084251 /* InfoPlist.strings in Resources */ = {isa = PBXBuildFile; fileRef = 7B879BB818D67E9300084251 /* InfoPlist.strings */; };
		D0F2E02FDF6B448FB88332F2 /* libPods-SnapshotBugTests.a in Frameworks */ = {isa = PBXBuildFile; fileRef = C1A014CFDEC1403899401C6B /* libPods-SnapshotBugTests.a */; };
/* End PBXBuildFile section */

/* Begin PBXContainerItemProxy section */
		7B879BB318D67E9300084251 /* PBXContainerItemProxy */ = {
			isa = PBXContainerItemProxy;
			containerPortal = 7B879B8B18D67E9300084251 /* Project object */;
			proxyType = 1;
			remoteGlobalIDString = 7B879B9218D67E9300084251;
			remoteInfo = SnapshotBug;
		};
/* End PBXContainerItemProxy section */

/* Begin PBXFileReference section */
		7B2DAD1F18D90F13005CD6C6 /* ScorecardCellSnapshotTests.m */ = {isa = PBXFileReference; fileEncoding = 4; lastKnownFileType = sourcecode.c.objc; path = ScorecardCellSnapshotTests.m; sourceTree = "<group>"; };
		7B2DAD2118D9188C005CD6C6 /* JGSegmentedControl.h */ = {isa = PBXFileReference; fileEncoding = 4; lastKnownFileType = sourcecode.c.h; path = JGSegmentedControl.h; sourceTree = "<group>"; };
		7B2DAD2218D9188C005CD6C6 /* JGSegmentedControl.m */ = {isa = PBXFileReference; fileEncoding = 4; lastKnownFileType = sourcecode.c.objc; path = JGSegmentedControl.m; sourceTree = "<group>"; };
		7B879B9318D67E9300084251 /* SnapshotBug.app */ = {isa = PBXFileReference; explicitFileType = wrapper.application; includeInIndex = 0; path = SnapshotBug.app; sourceTree = BUILT_PRODUCTS_DIR; };
		7B879B9618D67E9300084251 /* Foundation.framework */ = {isa = PBXFileReference; lastKnownFileType = wrapper.framework; name = Foundation.framework; path = System/Library/Frameworks/Foundation.framework; sourceTree = SDKROOT; };
		7B879B9818D67E9300084251 /* CoreGraphics.framework */ = {isa = PBXFileReference; lastKnownFileType = wrapper.framework; name = CoreGraphics.framework; path = System/Library/Frameworks/CoreGraphics.framework; sourceTree = SDKROOT; };
		7B879B9A18D67E9300084251 /* UIKit.framework */ = {isa = PBXFileReference; lastKnownFileType = wrapper.framework; name = UIKit.framework; path = System/Library/Frameworks/UIKit.framework; sourceTree = SDKROOT; };
		7B879B9E18D67E9300084251 /* SnapshotBug-Info.plist */ = {isa = PBXFileReference; lastKnownFileType = text.plist.xml; path = "SnapshotBug-Info.plist"; sourceTree = "<group>"; };
		7B879BA018D67E9300084251 /* en */ = {isa = PBXFileReference; lastKnownFileType = text.plist.strings; name = en; path = en.lproj/InfoPlist.strings; sourceTree = "<group>"; };
		7B879BA218D67E9300084251 /* main.m */ = {isa = PBXFileReference; lastKnownFileType = sourcecode.c.objc; path = main.m; sourceTree = "<group>"; };
		7B879BA418D67E9300084251 /* SnapshotBug-Prefix.pch */ = {isa = PBXFileReference; lastKnownFileType = sourcecode.c.h; path = "SnapshotBug-Prefix.pch"; sourceTree = "<group>"; };
		7B879BA518D67E9300084251 /* JGAAppDelegate.h */ = {isa = PBXFileReference; lastKnownFileType = sourcecode.c.h; path = JGAAppDelegate.h; sourceTree = "<group>"; };
		7B879BA618D67E9300084251 /* JGAAppDelegate.m */ = {isa = PBXFileReference; lastKnownFileType = sourcecode.c.objc; path = JGAAppDelegate.m; sourceTree = "<group>"; };
		7B879BA818D67E9300084251 /* Images.xcassets */ = {isa = PBXFileReference; lastKnownFileType = folder.assetcatalog; path = Images.xcassets; sourceTree = "<group>"; };
		7B879BAE18D67E9300084251 /* SnapshotBugTests.xctest */ = {isa = PBXFileReference; explicitFileType = wrapper.cfbundle; includeInIndex = 0; path = SnapshotBugTests.xctest; sourceTree = BUILT_PRODUCTS_DIR; };
		7B879BAF18D67E9300084251 /* XCTest.framework */ = {isa = PBXFileReference; lastKnownFileType = wrapper.framework; name = XCTest.framework; path = Library/Frameworks/XCTest.framework; sourceTree = DEVELOPER_DIR; };
		7B879BB718D67E9300084251 /* SnapshotBugTests-Info.plist */ = {isa = PBXFileReference; lastKnownFileType = text.plist.xml; path = "SnapshotBugTests-Info.plist"; sourceTree = "<group>"; };
		7B879BB918D67E9300084251 /* en */ = {isa = PBXFileReference; lastKnownFileType = text.plist.strings; name = en; path = en.lproj/InfoPlist.strings; sourceTree = "<group>"; };
		C1A014CFDEC1403899401C6B /* libPods-SnapshotBugTests.a */ = {isa = PBXFileReference; explicitFileType = archive.ar; includeInIndex = 0; path = "libPods-SnapshotBugTests.a"; sourceTree = BUILT_PRODUCTS_DIR; };
		F53AE36F27D34A1DB5D06125 /* Pods-SnapshotBugTests.xcconfig */ = {isa = PBXFileReference; includeInIndex = 1; lastKnownFileType = text.xcconfig; name = "Pods-SnapshotBugTests.xcconfig"; path = "Pods/Pods-SnapshotBugTests.xcconfig"; sourceTree = "<group>"; };
/* End PBXFileReference section */

/* Begin PBXFrameworksBuildPhase section */
		7B879B9018D67E9300084251 /* Frameworks */ = {
			isa = PBXFrameworksBuildPhase;
			buildActionMask = 2147483647;
			files = (
				7B879B9918D67E9300084251 /* CoreGraphics.framework in Frameworks */,
				7B879B9B18D67E9300084251 /* UIKit.framework in Frameworks */,
				7B879B9718D67E9300084251 /* Foundation.framework in Frameworks */,
			);
			runOnlyForDeploymentPostprocessing = 0;
		};
		7B879BAB18D67E9300084251 /* Frameworks */ = {
			isa = PBXFrameworksBuildPhase;
			buildActionMask = 2147483647;
			files = (
				7B879BB018D67E9300084251 /* XCTest.framework in Frameworks */,
				7B879BB218D67E9300084251 /* UIKit.framework in Frameworks */,
				7B879BB118D67E9300084251 /* Foundation.framework in Frameworks */,
				D0F2E02FDF6B448FB88332F2 /* libPods-SnapshotBugTests.a in Frameworks */,
			);
			runOnlyForDeploymentPostprocessing = 0;
		};
/* End PBXFrameworksBuildPhase section */

/* Begin PBXGroup section */
		7B879B8A18D67E9300084251 = {
			isa = PBXGroup;
			children = (
				7B879B9C18D67E9300084251 /* SnapshotBug */,
				7B879BB518D67E9300084251 /* SnapshotBugTests */,
				7B879B9518D67E9300084251 /* Frameworks */,
				7B879B9418D67E9300084251 /* Products */,
				F53AE36F27D34A1DB5D06125 /* Pods-SnapshotBugTests.xcconfig */,
			);
			sourceTree = "<group>";
		};
		7B879B9418D67E9300084251 /* Products */ = {
			isa = PBXGroup;
			children = (
				7B879B9318D67E9300084251 /* SnapshotBug.app */,
				7B879BAE18D67E9300084251 /* SnapshotBugTests.xctest */,
			);
			name = Products;
			sourceTree = "<group>";
		};
		7B879B9518D67E9300084251 /* Frameworks */ = {
			isa = PBXGroup;
			children = (
				7B879B9618D67E9300084251 /* Foundation.framework */,
				7B879B9818D67E9300084251 /* CoreGraphics.framework */,
				7B879B9A18D67E9300084251 /* UIKit.framework */,
				7B879BAF18D67E9300084251 /* XCTest.framework */,
				C1A014CFDEC1403899401C6B /* libPods-SnapshotBugTests.a */,
			);
			name = Frameworks;
			sourceTree = "<group>";
		};
		7B879B9C18D67E9300084251 /* SnapshotBug */ = {
			isa = PBXGroup;
			children = (
				7B879BA518D67E9300084251 /* JGAAppDelegate.h */,
				7B879BA618D67E9300084251 /* JGAAppDelegate.m */,
				7B2DAD2118D9188C005CD6C6 /* JGSegmentedControl.h */,
				7B2DAD2218D9188C005CD6C6 /* JGSegmentedControl.m */,
				7B879BA818D67E9300084251 /* Images.xcassets */,
				7B879B9D18D67E9300084251 /* Supporting Files */,
			);
			path = SnapshotBug;
			sourceTree = "<group>";
		};
		7B879B9D18D67E9300084251 /* Supporting Files */ = {
			isa = PBXGroup;
			children = (
				7B879B9E18D67E9300084251 /* SnapshotBug-Info.plist */,
				7B879B9F18D67E9300084251 /* InfoPlist.strings */,
				7B879BA218D67E9300084251 /* main.m */,
				7B879BA418D67E9300084251 /* SnapshotBug-Prefix.pch */,
			);
			name = "Supporting Files";
			sourceTree = "<group>";
		};
		7B879BB518D67E9300084251 /* SnapshotBugTests */ = {
			isa = PBXGroup;
			children = (
				7B879BB618D67E9300084251 /* Supporting Files */,
				7B2DAD1F18D90F13005CD6C6 /* ScorecardCellSnapshotTests.m */,
			);
			path = SnapshotBugTests;
			sourceTree = "<group>";
		};
		7B879BB618D67E9300084251 /* Supporting Files */ = {
			isa = PBXGroup;
			children = (
				7B879BB718D67E9300084251 /* SnapshotBugTests-Info.plist */,
				7B879BB818D67E9300084251 /* InfoPlist.strings */,
			);
			name = "Supporting Files";
			sourceTree = "<group>";
		};
/* End PBXGroup section */

/* Begin PBXNativeTarget section */
		7B879B9218D67E9300084251 /* SnapshotBug */ = {
			isa = PBXNativeTarget;
			buildConfigurationList = 7B879BBF18D67E9300084251 /* Build configuration list for PBXNativeTarget "SnapshotBug" */;
			buildPhases = (
				7B879B8F18D67E9300084251 /* Sources */,
				7B879B9018D67E9300084251 /* Frameworks */,
				7B879B9118D67E9300084251 /* Resources */,
			);
			buildRules = (
			);
			dependencies = (
			);
			name = SnapshotBug;
			productName = SnapshotBug;
			productReference = 7B879B9318D67E9300084251 /* SnapshotBug.app */;
			productType = "com.apple.product-type.application";
		};
		7B879BAD18D67E9300084251 /* SnapshotBugTests */ = {
			isa = PBXNativeTarget;
			buildConfigurationList = 7B879BC218D67E9300084251 /* Build configuration list for PBXNativeTarget "SnapshotBugTests" */;
			buildPhases = (
				41D04C4DEB39461989E5CAD6 /* Check Pods Manifest.lock */,
				7B879BAA18D67E9300084251 /* Sources */,
				7B879BAB18D67E9300084251 /* Frameworks */,
				7B879BAC18D67E9300084251 /* Resources */,
				03A5FC02FF6B4CC1A7E62EEB /* Copy Pods Resources */,
			);
			buildRules = (
			);
			dependencies = (
				7B879BB418D67E9300084251 /* PBXTargetDependency */,
			);
			name = SnapshotBugTests;
			productName = SnapshotBugTests;
			productReference = 7B879BAE18D67E9300084251 /* SnapshotBugTests.xctest */;
			productType = "com.apple.product-type.bundle.unit-test";
		};
/* End PBXNativeTarget section */

/* Begin PBXProject section */
		7B879B8B18D67E9300084251 /* Project object */ = {
			isa = PBXProject;
			attributes = {
				CLASSPREFIX = JGA;
				LastUpgradeCheck = 0510;
				ORGANIZATIONNAME = "John Grant";
				TargetAttributes = {
					7B879BAD18D67E9300084251 = {
						TestTargetID = 7B879B9218D67E9300084251;
					};
				};
			};
			buildConfigurationList = 7B879B8E18D67E9300084251 /* Build configuration list for PBXProject "SnapshotBug" */;
			compatibilityVersion = "Xcode 3.2";
			developmentRegion = English;
			hasScannedForEncodings = 0;
			knownRegions = (
				en,
			);
			mainGroup = 7B879B8A18D67E9300084251;
			productRefGroup = 7B879B9418D67E9300084251 /* Products */;
			projectDirPath = "";
			projectRoot = "";
			targets = (
				7B879B9218D67E9300084251 /* SnapshotBug */,
				7B879BAD18D67E9300084251 /* SnapshotBugTests */,
			);
		};
/* End PBXProject section */

/* Begin PBXResourcesBuildPhase section */
		7B879B9118D67E9300084251 /* Resources */ = {
			isa = PBXResourcesBuildPhase;
			buildActionMask = 2147483647;
			files = (
				7B879BA118D67E9300084251 /* InfoPlist.strings in Resources */,
				7B879BA918D67E9300084251 /* Images.xcassets in Resources */,
			);
			runOnlyForDeploymentPostprocessing = 0;
		};
		7B879BAC18D67E9300084251 /* Resources */ = {
			isa = PBXResourcesBuildPhase;
			buildActionMask = 2147483647;
			files = (
				7B879BBA18D67E9300084251 /* InfoPlist.strings in Resources */,
			);
			runOnlyForDeploymentPostprocessing = 0;
		};
/* End PBXResourcesBuildPhase section */

/* Begin PBXShellScriptBuildPhase section */
		03A5FC02FF6B4CC1A7E62EEB /* Copy Pods Resources */ = {
			isa = PBXShellScriptBuildPhase;
			buildActionMask = 2147483647;
			files = (
			);
			inputPaths = (
			);
			name = "Copy Pods Resources";
			outputPaths = (
			);
			runOnlyForDeploymentPostprocessing = 0;
			shellPath = /bin/sh;
			shellScript = "\"${SRCROOT}/Pods/Pods-SnapshotBugTests-resources.sh\"\n";
			showEnvVarsInLog = 0;
		};
		41D04C4DEB39461989E5CAD6 /* Check Pods Manifest.lock */ = {
			isa = PBXShellScriptBuildPhase;
			buildActionMask = 2147483647;
			files = (
			);
			inputPaths = (
			);
			name = "Check Pods Manifest.lock";
			outputPaths = (
			);
			runOnlyForDeploymentPostprocessing = 0;
			shellPath = /bin/sh;
			shellScript = "diff \"${PODS_ROOT}/../Podfile.lock\" \"${PODS_ROOT}/Manifest.lock\" > /dev/null\nif [[ $? != 0 ]] ; then\n    cat << EOM\nerror: The sandbox is not in sync with the Podfile.lock. Run 'pod install' or update your CocoaPods installation.\nEOM\n    exit 1\nfi\n";
			showEnvVarsInLog = 0;
		};
/* End PBXShellScriptBuildPhase section */

/* Begin PBXSourcesBuildPhase section */
		7B879B8F18D67E9300084251 /* Sources */ = {
			isa = PBXSourcesBuildPhase;
			buildActionMask = 2147483647;
			files = (
				7B879BA318D67E9300084251 /* main.m in Sources */,
				7B2DAD2318D9188C005CD6C6 /* JGSegmentedControl.m in Sources */,
				7B879BA718D67E9300084251 /* JGAAppDelegate.m in Sources */,
			);
			runOnlyForDeploymentPostprocessing = 0;
		};
		7B879BAA18D67E9300084251 /* Sources */ = {
			isa = PBXSourcesBuildPhase;
			buildActionMask = 2147483647;
			files = (
				7B2DAD2018D90F13005CD6C6 /* ScorecardCellSnapshotTests.m in Sources */,
			);
			runOnlyForDeploymentPostprocessing = 0;
		};
/* End PBXSourcesBuildPhase section */

/* Begin PBXTargetDependency section */
		7B879BB418D67E9300084251 /* PBXTargetDependency */ = {
			isa = PBXTargetDependency;
			target = 7B879B9218D67E9300084251 /* SnapshotBug */;
			targetProxy = 7B879BB318D67E9300084251 /* PBXContainerItemProxy */;
		};
/* End PBXTargetDependency section */

/* Begin PBXVariantGroup section */
		7B879B9F18D67E9300084251 /* InfoPlist.strings */ = {
			isa = PBXVariantGroup;
			children = (
				7B879BA018D67E9300084251 /* en */,
			);
			name = InfoPlist.strings;
			sourceTree = "<group>";
		};
		7B879BB818D67E9300084251 /* InfoPlist.strings */ = {
			isa = PBXVariantGroup;
			children = (
				7B879BB918D67E9300084251 /* en */,
			);
			name = InfoPlist.strings;
			sourceTree = "<group>";
		};
/* End PBXVariantGroup section */

/* Begin XCBuildConfiguration section */
		7B879BBD18D67E9300084251 /* Debug */ = {
			isa = XCBuildConfiguration;
			buildSettings = {
				ALWAYS_SEARCH_USER_PATHS = NO;
				CLANG_CXX_LANGUAGE_STANDARD = "gnu++0x";
				CLANG_CXX_LIBRARY = "libc++";
				CLANG_ENABLE_MODULES = YES;
				CLANG_ENABLE_OBJC_ARC = YES;
				CLANG_WARN_BOOL_CONVERSION = YES;
				CLANG_WARN_CONSTANT_CONVERSION = YES;
				CLANG_WARN_DIRECT_OBJC_ISA_USAGE = YES_ERROR;
				CLANG_WARN_EMPTY_BODY = YES;
				CLANG_WARN_ENUM_CONVERSION = YES;
				CLANG_WARN_INT_CONVERSION = YES;
				CLANG_WARN_OBJC_ROOT_CLASS = YES_ERROR;
				CLANG_WARN__DUPLICATE_METHOD_MATCH = YES;
				"CODE_SIGN_IDENTITY[sdk=iphoneos*]" = "iPhone Developer";
				COPY_PHASE_STRIP = NO;
				GCC_C_LANGUAGE_STANDARD = gnu99;
				GCC_DYNAMIC_NO_PIC = NO;
				GCC_OPTIMIZATION_LEVEL = 0;
				GCC_PREPROCESSOR_DEFINITIONS = (
					"DEBUG=1",
					"$(inherited)",
				);
				GCC_SYMBOLS_PRIVATE_EXTERN = NO;
				GCC_WARN_64_TO_32_BIT_CONVERSION = YES;
				GCC_WARN_ABOUT_RETURN_TYPE = YES_ERROR;
				GCC_WARN_UNDECLARED_SELECTOR = YES;
				GCC_WARN_UNINITIALIZED_AUTOS = YES_AGGRESSIVE;
				GCC_WARN_UNUSED_FUNCTION = YES;
				GCC_WARN_UNUSED_VARIABLE = YES;
				IPHONEOS_DEPLOYMENT_TARGET = 7.1;
				ONLY_ACTIVE_ARCH = YES;
				SDKROOT = iphoneos;
				TARGETED_DEVICE_FAMILY = "1,2";
			};
			name = Debug;
		};
		7B879BBE18D67E9300084251 /* Release */ = {
			isa = XCBuildConfiguration;
			buildSettings = {
				ALWAYS_SEARCH_USER_PATHS = NO;
				CLANG_CXX_LANGUAGE_STANDARD = "gnu++0x";
				CLANG_CXX_LIBRARY = "libc++";
				CLANG_ENABLE_MODULES = YES;
				CLANG_ENABLE_OBJC_ARC = YES;
				CLANG_WARN_BOOL_CONVERSION = YES;
				CLANG_WARN_CONSTANT_CONVERSION = YES;
				CLANG_WARN_DIRECT_OBJC_ISA_USAGE = YES_ERROR;
				CLANG_WARN_EMPTY_BODY = YES;
				CLANG_WARN_ENUM_CONVERSION = YES;
				CLANG_WARN_INT_CONVERSION = YES;
				CLANG_WARN_OBJC_ROOT_CLASS = YES_ERROR;
				CLANG_WARN__DUPLICATE_METHOD_MATCH = YES;
				"CODE_SIGN_IDENTITY[sdk=iphoneos*]" = "iPhone Developer";
				COPY_PHASE_STRIP = YES;
				ENABLE_NS_ASSERTIONS = NO;
				GCC_C_LANGUAGE_STANDARD = gnu99;
				GCC_WARN_64_TO_32_BIT_CONVERSION = YES;
				GCC_WARN_ABOUT_RETURN_TYPE = YES_ERROR;
				GCC_WARN_UNDECLARED_SELECTOR = YES;
				GCC_WARN_UNINITIALIZED_AUTOS = YES_AGGRESSIVE;
				GCC_WARN_UNUSED_FUNCTION = YES;
				GCC_WARN_UNUSED_VARIABLE = YES;
				IPHONEOS_DEPLOYMENT_TARGET = 7.1;
				SDKROOT = iphoneos;
				TARGETED_DEVICE_FAMILY = "1,2";
				VALIDATE_PRODUCT = YES;
			};
			name = Release;
		};
		7B879BC018D67E9300084251 /* Debug */ = {
			isa = XCBuildConfiguration;
			buildSettings = {
				ASSETCATALOG_COMPILER_APPICON_NAME = AppIcon;
				ASSETCATALOG_COMPILER_LAUNCHIMAGE_NAME = LaunchImage;
				GCC_PRECOMPILE_PREFIX_HEADER = YES;
				GCC_PREFIX_HEADER = "SnapshotBug/SnapshotBug-Prefix.pch";
				GCC_PREPROCESSOR_DEFINITIONS = (
					"DEBUG=1",
					"$(inherited)",
				);
				INFOPLIST_FILE = "SnapshotBug/SnapshotBug-Info.plist";
				PRODUCT_NAME = "$(TARGET_NAME)";
				WRAPPER_EXTENSION = app;
			};
			name = Debug;
		};
		7B879BC118D67E9300084251 /* Release */ = {
			isa = XCBuildConfiguration;
			buildSettings = {
				ASSETCATALOG_COMPILER_APPICON_NAME = AppIcon;
				ASSETCATALOG_COMPILER_LAUNCHIMAGE_NAME = LaunchImage;
				GCC_PRECOMPILE_PREFIX_HEADER = YES;
				GCC_PREFIX_HEADER = "SnapshotBug/SnapshotBug-Prefix.pch";
				INFOPLIST_FILE = "SnapshotBug/SnapshotBug-Info.plist";
				PRODUCT_NAME = "$(TARGET_NAME)";
				WRAPPER_EXTENSION = app;
			};
			name = Release;
		};
		7B879BC318D67E9300084251 /* Debug */ = {
			isa = XCBuildConfiguration;
			baseConfigurationReference = F53AE36F27D34A1DB5D06125 /* Pods-SnapshotBugTests.xcconfig */;
			buildSettings = {
				BUNDLE_LOADER = "$(BUILT_PRODUCTS_DIR)/SnapshotBug.app/SnapshotBug";
				FRAMEWORK_SEARCH_PATHS = (
					"$(SDKROOT)/Developer/Library/Frameworks",
					"$(inherited)",
					"$(DEVELOPER_FRAMEWORKS_DIR)",
				);
				GCC_PRECOMPILE_PREFIX_HEADER = YES;
				GCC_PREFIX_HEADER = "SnapshotBug/SnapshotBug-Prefix.pch";
				GCC_PREPROCESSOR_DEFINITIONS = (
					"DEBUG=1",
					"$(inherited)",
					"FB_REFERENCE_IMAGE_DIR=\"\\\"$(SOURCE_ROOT)/$(PROJECT_NAME)Tests/ReferenceImages\\\"\"",
				);
				INFOPLIST_FILE = "SnapshotBugTests/SnapshotBugTests-Info.plist";
				PRODUCT_NAME = "$(TARGET_NAME)";
				TEST_HOST = "$(BUNDLE_LOADER)";
				WRAPPER_EXTENSION = xctest;
			};
			name = Debug;
		};
		7B879BC418D67E9300084251 /* Release */ = {
			isa = XCBuildConfiguration;
			baseConfigurationReference = F53AE36F27D34A1DB5D06125 /* Pods-SnapshotBugTests.xcconfig */;
			buildSettings = {
				BUNDLE_LOADER = "$(BUILT_PRODUCTS_DIR)/SnapshotBug.app/SnapshotBug";
				FRAMEWORK_SEARCH_PATHS = (
					"$(SDKROOT)/Developer/Library/Frameworks",
					"$(inherited)",
					"$(DEVELOPER_FRAMEWORKS_DIR)",
				);
				GCC_PRECOMPILE_PREFIX_HEADER = YES;
				GCC_PREFIX_HEADER = "SnapshotBug/SnapshotBug-Prefix.pch";
				INFOPLIST_FILE = "SnapshotBugTests/SnapshotBugTests-Info.plist";
				PRODUCT_NAME = "$(TARGET_NAME)";
				TEST_HOST = "$(BUNDLE_LOADER)";
				WRAPPER_EXTENSION = xctest;
			};
			name = Release;
		};
/* End XCBuildConfiguration section */

/* Begin XCConfigurationList section */
		7B879B8E18D67E9300084251 /* Build configuration list for PBXProject "SnapshotBug" */ = {
			isa = XCConfigurationList;
			buildConfigurations = (
				7B879BBD18D67E9300084251 /* Debug */,
				7B879BBE18D67E9300084251 /* Release */,
			);
			defaultConfigurationIsVisible = 0;
			defaultConfigurationName = Release;
		};
		7B879BBF18D67E9300084251 /* Build configuration list for PBXNativeTarget "SnapshotBug" */ = {
			isa = XCConfigurationList;
			buildConfigurations = (
				7B879BC018D67E9300084251 /* Debug */,
				7B879BC118D67E9300084251 /* Release */,
			);
			defaultConfigurationIsVisible = 0;
			defaultConfigurationName = Release;
		};
		7B879BC218D67E9300084251 /* Build configuration list for PBXNativeTarget "SnapshotBugTests" */ = {
			isa = XCConfigurationList;
			buildConfigurations = (
				7B879BC318D67E9300084251 /* Debug */,
				7B879BC418D67E9300084251 /* Release */,
			);
			defaultConfigurationIsVisible = 0;
			defaultConfigurationName = Release;
		};
/* End XCConfigurationList section */
	};
	rootObject = 7B879B8B18D67E9300084251 /* Project object */;
}
